
Microsoft Visual Studio Solution File, Format Version 12.00
# Visual Studio Version 16
VisualStudioVersion = 16.0.31729.503
MinimumVisualStudioVersion = 10.0.40219.1
Project("{FAE04EC0-301F-11D3-BF4B-00C04F79EFBC}") = "prac2.1(c)", "prac2.1(c)\prac2.1(c).csproj", "{316305F8-6CCB-4531-8848-178E116679EB}"
EndProject
Global
	GlobalSection(SolutionConfigurationPlatforms) = preSolution
		Debug|Any CPU = Debug|Any CPU
		Release|Any CPU = Release|Any CPU
	EndGlobalSection
	GlobalSection(ProjectConfigurationPlatforms) = postSolution
		{316305F8-6CCB-4531-8848-178E116679EB}.Debug|Any CPU.ActiveCfg = Debug|Any CPU
		{316305F8-6CCB-4531-8848-178E116679EB}.Debug|Any CPU.Build.0 = Debug|Any CPU
		{316305F8-6CCB-4531-8848-178E116679EB}.Release|Any CPU.ActiveCfg = Release|Any CPU
		{316305F8-6CCB-4531-8848-178E116679EB}.Release|Any CPU.Build.0 = Release|Any CPU
	EndGlobalSection
	GlobalSection(SolutionProperties) = preSolution
		HideSolutionNode = FALSE
	EndGlobalSection
	GlobalSection(ExtensibilityGlobals) = postSolution
		SolutionGuid = {4D9E043C-FC9E-4AB2-AF8E-2D899036504B}
	EndGlobalSection
EndGlobal
